
Microsoft Visual Studio Solution File, Format Version 12.00
# Visual Studio Version 16
VisualStudioVersion = 16.0.30011.22
MinimumVisualStudioVersion = 10.0.40219.1
Project("{9A19103F-16F7-4668-BE54-9A1E7A4F7556}") = "Copa.Data", "src\Copa.Data\Copa.Data.csproj", "{EDCFA05B-E66E-4896-B0D5-9164F9EBEEB6}"
EndProject
Project("{9A19103F-16F7-4668-BE54-9A1E7A4F7556}") = "Copa.Business", "src\Copa.Business\Copa.Business.csproj", "{3012B74B-08FE-4623-82ED-5FFC61DE3B6C}"
EndProject
Project("{FAE04EC0-301F-11D3-BF4B-00C04F79EFBC}") = "Copa.API", "src\Copa.API\Copa.API.csproj", "{5FCD9EE4-3860-44E5-B960-EFA3486D2693}"
EndProject
Global
	GlobalSection(SolutionConfigurationPlatforms) = preSolution
		Debug|Any CPU = Debug|Any CPU
		Release|Any CPU = Release|Any CPU
	EndGlobalSection
	GlobalSection(ProjectConfigurationPlatforms) = postSolution
		{EDCFA05B-E66E-4896-B0D5-9164F9EBEEB6}.Debug|Any CPU.ActiveCfg = Debug|Any CPU
		{EDCFA05B-E66E-4896-B0D5-9164F9EBEEB6}.Debug|Any CPU.Build.0 = Debug|Any CPU
		{EDCFA05B-E66E-4896-B0D5-9164F9EBEEB6}.Release|Any CPU.ActiveCfg = Release|Any CPU
		{EDCFA05B-E66E-4896-B0D5-9164F9EBEEB6}.Release|Any CPU.Build.0 = Release|Any CPU
		{3012B74B-08FE-4623-82ED-5FFC61DE3B6C}.Debug|Any CPU.ActiveCfg = Debug|Any CPU
		{3012B74B-08FE-4623-82ED-5FFC61DE3B6C}.Debug|Any CPU.Build.0 = Debug|Any CPU
		{3012B74B-08FE-4623-82ED-5FFC61DE3B6C}.Release|Any CPU.ActiveCfg = Release|Any CPU
		{3012B74B-08FE-4623-82ED-5FFC61DE3B6C}.Release|Any CPU.Build.0 = Release|Any CPU
		{5FCD9EE4-3860-44E5-B960-EFA3486D2693}.Debug|Any CPU.ActiveCfg = Debug|Any CPU
		{5FCD9EE4-3860-44E5-B960-EFA3486D2693}.Debug|Any CPU.Build.0 = Debug|Any CPU
		{5FCD9EE4-3860-44E5-B960-EFA3486D2693}.Release|Any CPU.ActiveCfg = Release|Any CPU
		{5FCD9EE4-3860-44E5-B960-EFA3486D2693}.Release|Any CPU.Build.0 = Release|Any CPU
	EndGlobalSection
	GlobalSection(SolutionProperties) = preSolution
		HideSolutionNode = FALSE
	EndGlobalSection
	GlobalSection(ExtensibilityGlobals) = postSolution
		SolutionGuid = {363F0B75-B94C-4A18-A846-B8BD6A0D92E6}
	EndGlobalSection
EndGlobal
